// !$*UTF8*$!
{
	archiveVersion = 1;
	classes = {
	};
	objectVersion = 46;
	objects = {

/* Begin PBXBuildFile section */
		4AD7FE871E92539600EA382F /* AppDelegate.swift in Sources */ = {isa = PBXBuildFile; fileRef = 4AD7FE861E92539600EA382F /* AppDelegate.swift */; };
		4AD7FE891E92539600EA382F /* ViewController.swift in Sources */ = {isa = PBXBuildFile; fileRef = 4AD7FE881E92539600EA382F /* ViewController.swift */; };
		4AD7FE8C1E92539600EA382F /* Main.storyboard in Resources */ = {isa = PBXBuildFile; fileRef = 4AD7FE8A1E92539600EA382F /* Main.storyboard */; };
		4AD7FE8E1E92539600EA382F /* Assets.xcassets in Resources */ = {isa = PBXBuildFile; fileRef = 4AD7FE8D1E92539600EA382F /* Assets.xcassets */; };
		4AD7FE911E92539600EA382F /* LaunchScreen.storyboard in Resources */ = {isa = PBXBuildFile; fileRef = 4AD7FE8F1E92539600EA382F /* LaunchScreen.storyboard */; };
/* End PBXBuildFile section */

/* Begin PBXFileReference section */
		4AD7FE831E92539600EA382F /* Ex04.app */ = {isa = PBXFileReference; explicitFileType = wrapper.application; includeInIndex = 0; path = Ex04.app; sourceTree = BUILT_PRODUCTS_DIR; };
		4AD7FE861E92539600EA382F /* AppDelegate.swift */ = {isa = PBXFileReference; lastKnownFileType = sourcecode.swift; path = AppDelegate.swift; sourceTree = "<group>"; };
		4AD7FE881E92539600EA382F /* ViewController.swift */ = {isa = PBXFileReference; lastKnownFileType = sourcecode.swift; path = ViewController.swift; sourceTree = "<group>"; };
		4AD7FE8B1E92539600EA382F /* Base */ = {isa = PBXFileReference; lastKnownFileType = file.storyboard; name = Base; path = Base.lproj/Main.storyboard; sourceTree = "<group>"; };
		4AD7FE8D1E92539600EA382F /* Assets.xcassets */ = {isa = PBXFileReference; lastKnownFileType = folder.assetcatalog; path = Assets.xcassets; sourceTree = "<group>"; };
		4AD7FE901E92539600EA382F /* Base */ = {isa = PBXFileReference; lastKnownFileType = file.storyboard; name = Base; path = Base.lproj/LaunchScreen.storyboard; sourceTree = "<group>"; };
		4AD7FE921E92539600EA382F /* Info.plist */ = {isa = PBXFileReference; lastKnownFileType = text.plist.xml; path = Info.plist; sourceTree = "<group>"; };
/* End PBXFileReference section */

/* Begin PBXFrameworksBuildPhase section */
		4AD7FE801E92539600EA382F /* Frameworks */ = {
			isa = PBXFrameworksBuildPhase;
			buildActionMask = 2147483647;
			files = (
			);
			runOnlyForDeploymentPostprocessing = 0;
		};
/* End PBXFrameworksBuildPhase section */

/* Begin PBXGroup section */
		4AD7FE7A1E92539500EA382F = {
			isa = PBXGroup;
			children = (
				4AD7FE851E92539600EA382F /* Ex00 */,
				4AD7FE841E92539600EA382F /* Products */,
			);
			sourceTree = "<group>";
		};
		4AD7FE841E92539600EA382F /* Products */ = {
			isa = PBXGroup;
			children = (
				4AD7FE831E92539600EA382F /* Ex04.app */,
			);
			name = Products;
			sourceTree = "<group>";
		};
		4AD7FE851E92539600EA382F /* Ex00 */ = {
			isa = PBXGroup;
			children = (
				4AD7FE861E92539600EA382F /* AppDelegate.swift */,
				4AD7FE881E92539600EA382F /* ViewController.swift */,
				4AD7FE8A1E92539600EA382F /* Main.storyboard */,
				4AD7FE8D1E92539600EA382F /* Assets.xcassets */,
				4AD7FE8F1E92539600EA382F /* LaunchScreen.storyboard */,
				4AD7FE921E92539600EA382F /* Info.plist */,
			);
			path = Ex00;
			sourceTree = "<group>";
		};
/* End PBXGroup section */

/* Begin PBXNativeTarget section */
		4AD7FE821E92539600EA382F /* Ex04 */ = {
			isa = PBXNativeTarget;
			buildConfigurationList = 4AD7FE951E92539600EA382F /* Build configuration list for PBXNativeTarget "Ex04" */;
			buildPhases = (
				4AD7FE7F1E92539600EA382F /* Sources */,
				4AD7FE801E92539600EA382F /* Frameworks */,
				4AD7FE811E92539600EA382F /* Resources */,
			);
			buildRules = (
			);
			dependencies = (
			);
			name = Ex04;
			productName = Ex00;
			productReference = 4AD7FE831E92539600EA382F /* Ex04.app */;
			productType = "com.apple.product-type.application";
		};
/* End PBXNativeTarget section */

/* Begin PBXProject section */
		4AD7FE7B1E92539500EA382F /* Project object */ = {
			isa = PBXProject;
			attributes = {
				LastSwiftUpdateCheck = 0820;
				LastUpgradeCheck = 0820;
				ORGANIZATIONNAME = "Antoine JOUANNAIS";
				TargetAttributes = {
					4AD7FE821E92539600EA382F = {
						CreatedOnToolsVersion = 8.2.1;
						ProvisioningStyle = Automatic;
					};
				};
			};
			buildConfigurationList = 4AD7FE7E1E92539500EA382F /* Build configuration list for PBXProject "Ex04" */;
			compatibilityVersion = "Xcode 3.2";
			developmentRegion = English;
			hasScannedForEncodings = 0;
			knownRegions = (
				en,
				Base,
			);
			mainGroup = 4AD7FE7A1E92539500EA382F;
			productRefGroup = 4AD7FE841E92539600EA382F /* Products */;
			projectDirPath = "";
			projectRoot = "";
			targets = (
				4AD7FE821E92539600EA382F /* Ex04 */,
			);
		};
/* End PBXProject section */

/* Begin PBXResourcesBuildPhase section */
		4AD7FE811E92539600EA382F /* Resources */ = {
			isa = PBXResourcesBuildPhase;
			buildActionMask = 2147483647;
			files = (
				4AD7FE911E92539600EA382F /* LaunchScreen.storyboard in Resources */,
				4AD7FE8E1E92539600EA382F /* Assets.xcassets in Resources */,
				4AD7FE8C1E92539600EA382F /* Main.storyboard in Resources */,
			);
			runOnlyForDeploymentPostprocessing = 0;
		};
/* End PBXResourcesBuildPhase section */

/* Begin PBXSourcesBuildPhase section */
		4AD7FE7F1E92539600EA382F /* Sources */ = {
			isa = PBXSourcesBuildPhase;
			buildActionMask = 2147483647;
			files = (
				4AD7FE891E92539600EA382F /* ViewController.swift in Sources */,
				4AD7FE871E92539600EA382F /* AppDelegate.swift in Sources */,
			);
			runOnlyForDeploymentPostprocessing = 0;
		};
/* End PBXSourcesBuildPhase section */

/* Begin PBXVariantGroup section */
		4AD7FE8A1E92539600EA382F /* Main.storyboard */ = {
			isa = PBXVariantGroup;
			children = (
				4AD7FE8B1E92539600EA382F /* Base */,
			);
			name = Main.storyboard;
			sourceTree = "<group>";
		};
		4AD7FE8F1E92539600EA382F /* LaunchScreen.storyboard */ = {
			isa = PBXVariantGroup;
			children = (
				4AD7FE901E92539600EA382F /* Base */,
			);
			name = LaunchScreen.storyboard;
			sourceTree = "<group>";
		};
/* End PBXVariantGroup section */

/* Begin XCBuildConfiguration section */
		4AD7FE931E92539600EA382F /* Debug */ = {
			isa = XCBuildConfiguration;
			buildSettings = {
				ALWAYS_SEARCH_USER_PATHS = NO;
				CLANG_ANALYZER_NONNULL = YES;
				CLANG_CXX_LANGUAGE_STANDARD = "gnu++0x";
				CLANG_CXX_LIBRARY = "libc++";
				CLANG_ENABLE_MODULES = YES;
				CLANG_ENABLE_OBJC_ARC = YES;
				CLANG_WARN_BOOL_CONVERSION = YES;
				CLANG_WARN_CONSTANT_CONVERSION = YES;
				CLANG_WARN_DIRECT_OBJC_ISA_USAGE = YES_ERROR;
				CLANG_WARN_DOCUMENTATION_COMMENTS = YES;
				CLANG_WARN_EMPTY_BODY = YES;
				CLANG_WARN_ENUM_CONVERSION = YES;
				CLANG_WARN_INFINITE_RECURSION = YES;
				CLANG_WARN_INT_CONVERSION = YES;
				CLANG_WARN_OBJC_ROOT_CLASS = YES_ERROR;
				CLANG_WARN_SUSPICIOUS_MOVE = YES;
				CLANG_WARN_UNREACHABLE_CODE = YES;
				CLANG_WARN__DUPLICATE_METHOD_MATCH = YES;
				"CODE_SIGN_IDENTITY[sdk=iphoneos*]" = "iPhone Developer";
				COPY_PHASE_STRIP = NO;
				DEBUG_INFORMATION_FORMAT = dwarf;
				ENABLE_STRICT_OBJC_MSGSEND = YES;
				ENABLE_TESTABILITY = YES;
				GCC_C_LANGUAGE_STANDARD = gnu99;
				GCC_DYNAMIC_NO_PIC = NO;
				GCC_NO_COMMON_BLOCKS = YES;
				GCC_OPTIMIZATION_LEVEL = 0;
				GCC_PREPROCESSOR_DEFINITIONS = (
					"DEBUG=1",
					"$(inherited)",
				);
				GCC_WARN_64_TO_32_BIT_CONVERSION = YES;
				GCC_WARN_ABOUT_RETURN_TYPE = YES_ERROR;
				GCC_WARN_UNDECLARED_SELECTOR = YES;
				GCC_WARN_UNINITIALIZED_AUTOS = YES_AGGRESSIVE;
				GCC_WARN_UNUSED_FUNCTION = YES;
				GCC_WARN_UNUSED_VARIABLE = YES;
				IPHONEOS_DEPLOYMENT_TARGET = 10.2;
				MTL_ENABLE_DEBUG_INFO = YES;
				ONLY_ACTIVE_ARCH = YES;
				SDKROOT = iphoneos;
				SWIFT_ACTIVE_COMPILATION_CONDITIONS = DEBUG;
				SWIFT_OPTIMIZATION_LEVEL = "-Onone";
				TARGETED_DEVICE_FAMILY = "1,2";
			};
			name = Debug;
		};
		4AD7FE941E92539600EA382F /* Release */ = {
			isa = XCBuildConfiguration;
			buildSettings = {
				ALWAYS_SEARCH_USER_PATHS = NO;
				CLANG_ANALYZER_NONNULL = YES;
				CLANG_CXX_LANGUAGE_STANDARD = "gnu++0x";
				CLANG_CXX_LIBRARY = "libc++";
				CLANG_ENABLE_MODULES = YES;
				CLANG_ENABLE_OBJC_ARC = YES;
				CLANG_WARN_BOOL_CONVERSION = YES;
				CLANG_WARN_CONSTANT_CONVERSION = YES;
				CLANG_WARN_DIRECT_OBJC_ISA_USAGE = YES_ERROR;
				CLANG_WARN_DOCUMENTATION_COMMENTS = YES;
				CLANG_WARN_EMPTY_BODY = YES;
				CLANG_WARN_ENUM_CONVERSION = YES;
				CLANG_WARN_INFINITE_RECURSION = YES;
				CLANG_WARN_INT_CONVERSION = YES;
				CLANG_WARN_OBJC_ROOT_CLASS = YES_ERROR;
				CLANG_WARN_SUSPICIOUS_MOVE = YES;
				CLANG_WARN_UNREACHABLE_CODE = YES;
				CLANG_WARN__DUPLICATE_METHOD_MATCH = YES;
				"CODE_SIGN_IDENTITY[sdk=iphoneos*]" = "iPhone Developer";
				COPY_PHASE_STRIP = NO;
				DEBUG_INFORMATION_FORMAT = "dwarf-with-dsym";
				ENABLE_NS_ASSERTIONS = NO;
				ENABLE_STRICT_OBJC_MSGSEND = YES;
				GCC_C_LANGUAGE_STANDARD = gnu99;
				GCC_NO_COMMON_BLOCKS = YES;
				GCC_WARN_64_TO_32_BIT_CONVERSION = YES;
				GCC_WARN_ABOUT_RETURN_TYPE = YES_ERROR;
				GCC_WARN_UNDECLARED_SELECTOR = YES;
				GCC_WARN_UNINITIALIZED_AUTOS = YES_AGGRESSIVE;
				GCC_WARN_UNUSED_FUNCTION = YES;
				GCC_WARN_UNUSED_VARIABLE = YES;
				IPHONEOS_DEPLOYMENT_TARGET = 10.2;
				MTL_ENABLE_DEBUG_INFO = NO;
				SDKROOT = iphoneos;
				SWIFT_OPTIMIZATION_LEVEL = "-Owholemodule";
				TARGETED_DEVICE_FAMILY = "1,2";
				VALIDATE_PRODUCT = YES;
			};
			name = Release;
		};
		4AD7FE961E92539600EA382F /* Debug */ = {
			isa = XCBuildConfiguration;
			buildSettings = {
				ASSETCATALOG_COMPILER_APPICON_NAME = AppIcon;
				INFOPLIST_FILE = Ex00/Info.plist;
				LD_RUNPATH_SEARCH_PATHS = "$(inherited) @executable_path/Frameworks";
				PRODUCT_BUNDLE_IDENTIFIER = Ecole42.Ex00;
				PRODUCT_NAME = "$(TARGET_NAME)";
				SWIFT_VERSION = 3.0;
			};
			name = Debug;
		};
		4AD7FE971E92539600EA382F /* Release */ = {
			isa = XCBuildConfiguration;
			buildSettings = {
				ASSETCATALOG_COMPILER_APPICON_NAME = AppIcon;
				INFOPLIST_FILE = Ex00/Info.plist;
				LD_RUNPATH_SEARCH_PATHS = "$(inherited) @executable_path/Frameworks";
				PRODUCT_BUNDLE_IDENTIFIER = Ecole42.Ex00;
				PRODUCT_NAME = "$(TARGET_NAME)";
				SWIFT_VERSION = 3.0;
			};
			name = Release;
		};
/* End XCBuildConfiguration section */

/* Begin XCConfigurationList section */
		4AD7FE7E1E92539500EA382F /* Build configuration list for PBXProject "Ex04" */ = {
			isa = XCConfigurationList;
			buildConfigurations = (
				4AD7FE931E92539600EA382F /* Debug */,
				4AD7FE941E92539600EA382F /* Release */,
			);
			defaultConfigurationIsVisible = 0;
			defaultConfigurationName = Release;
		};
		4AD7FE951E92539600EA382F /* Build configuration list for PBXNativeTarget "Ex04" */ = {
			isa = XCConfigurationList;
			buildConfigurations = (
				4AD7FE961E92539600EA382F /* Debug */,
				4AD7FE971E92539600EA382F /* Release */,
			);
			defaultConfigurationIsVisible = 0;
			defaultConfigurationName = Release;
		};
/* End XCConfigurationList section */
	};
	rootObject = 4AD7FE7B1E92539500EA382F /* Project object */;
}
